// !$*UTF8*$!
{
	archiveVersion = 1;
	classes = {
	};
	objectVersion = 55;
	objects = {

/* Begin PBXBuildFile section */
		CD17C896281B162C00A64271 /* HomeViewController.swift in Sources */ = {isa = PBXBuildFile; fileRef = CD17C895281B162C00A64271 /* HomeViewController.swift */; };
		CD17C89A281B17CA00A64271 /* ProductCollectionViewCell.xib in Resources */ = {isa = PBXBuildFile; fileRef = CD17C898281B17C900A64271 /* ProductCollectionViewCell.xib */; };
		CD17C89B281B17CA00A64271 /* ProductCollectionViewCell.swift in Sources */ = {isa = PBXBuildFile; fileRef = CD17C899281B17C900A64271 /* ProductCollectionViewCell.swift */; };
		CD17C89E281B189F00A64271 /* SubcategoriesCollectionViewCell.swift in Sources */ = {isa = PBXBuildFile; fileRef = CD17C89C281B189E00A64271 /* SubcategoriesCollectionViewCell.swift */; };
		CD17C89F281B189F00A64271 /* CategoriesCollectionViewCell.swift in Sources */ = {isa = PBXBuildFile; fileRef = CD17C89D281B189F00A64271 /* CategoriesCollectionViewCell.swift */; };
		CD19865D281A060F0092BF56 /* AppDelegate.swift in Sources */ = {isa = PBXBuildFile; fileRef = CD19865C281A060F0092BF56 /* AppDelegate.swift */; };
		CD19865F281A060F0092BF56 /* SceneDelegate.swift in Sources */ = {isa = PBXBuildFile; fileRef = CD19865E281A060F0092BF56 /* SceneDelegate.swift */; };
		CD198664281A060F0092BF56 /* Main.storyboard in Resources */ = {isa = PBXBuildFile; fileRef = CD198662281A060F0092BF56 /* Main.storyboard */; };
		CD198667281A060F0092BF56 /* VWNMobileDevTask.xcdatamodeld in Sources */ = {isa = PBXBuildFile; fileRef = CD198665281A060F0092BF56 /* VWNMobileDevTask.xcdatamodeld */; };
		CD198669281A06120092BF56 /* Assets.xcassets in Resources */ = {isa = PBXBuildFile; fileRef = CD198668281A06120092BF56 /* Assets.xcassets */; };
		CD19866C281A06120092BF56 /* LaunchScreen.storyboard in Resources */ = {isa = PBXBuildFile; fileRef = CD19866A281A06120092BF56 /* LaunchScreen.storyboard */; };
		CD198674281A0C670092BF56 /* IntroViewController.swift in Sources */ = {isa = PBXBuildFile; fileRef = CD198673281A0C670092BF56 /* IntroViewController.swift */; };
		CD198678281A0EC50092BF56 /* HBSegmentedControl.swift in Sources */ = {isa = PBXBuildFile; fileRef = CD198677281A0EC50092BF56 /* HBSegmentedControl.swift */; };
		CD198680281A19240092BF56 /* UIViewController+extension .swift in Sources */ = {isa = PBXBuildFile; fileRef = CD19867F281A19240092BF56 /* UIViewController+extension .swift */; };
		CD198682281A19C20092BF56 /* LoginViewController.swift in Sources */ = {isa = PBXBuildFile; fileRef = CD198681281A19C20092BF56 /* LoginViewController.swift */; };
		CD198684281A27F90092BF56 /* AddProductViewController.swift in Sources */ = {isa = PBXBuildFile; fileRef = CD198683281A27F90092BF56 /* AddProductViewController.swift */; };
		CD198689281A29CB0092BF56 /* AddProductCollectionViewCell.xib in Resources */ = {isa = PBXBuildFile; fileRef = CD198687281A29CB0092BF56 /* AddProductCollectionViewCell.xib */; };
		CD19868A281A29CB0092BF56 /* AddProductCollectionViewCell.swift in Sources */ = {isa = PBXBuildFile; fileRef = CD198688281A29CB0092BF56 /* AddProductCollectionViewCell.swift */; };
		CD19868C281A2B880092BF56 /* Product.swift in Sources */ = {isa = PBXBuildFile; fileRef = CD19868B281A2B880092BF56 /* Product.swift */; };
		CD198693281A385A0092BF56 /* ProductModel+CoreDataClass.swift in Sources */ = {isa = PBXBuildFile; fileRef = CD198691281A385A0092BF56 /* ProductModel+CoreDataClass.swift */; };
		CD198694281A385A0092BF56 /* ProductModel+CoreDataProperties.swift in Sources */ = {isa = PBXBuildFile; fileRef = CD198692281A385A0092BF56 /* ProductModel+CoreDataProperties.swift */; };
		CD198698281A3A970092BF56 /* CoreDataServices.swift in Sources */ = {isa = PBXBuildFile; fileRef = CD198697281A3A970092BF56 /* CoreDataServices.swift */; };
/* End PBXBuildFile section */

/* Begin PBXFileReference section */
		CD17C895281B162C00A64271 /* HomeViewController.swift */ = {isa = PBXFileReference; lastKnownFileType = sourcecode.swift; path = HomeViewController.swift; sourceTree = "<group>"; };
		CD17C898281B17C900A64271 /* ProductCollectionViewCell.xib */ = {isa = PBXFileReference; fileEncoding = 4; lastKnownFileType = file.xib; path = ProductCollectionViewCell.xib; sourceTree = "<group>"; };
		CD17C899281B17C900A64271 /* ProductCollectionViewCell.swift */ = {isa = PBXFileReference; fileEncoding = 4; lastKnownFileType = sourcecode.swift; path = ProductCollectionViewCell.swift; sourceTree = "<group>"; };
		CD17C89C281B189E00A64271 /* SubcategoriesCollectionViewCell.swift */ = {isa = PBXFileReference; fileEncoding = 4; lastKnownFileType = sourcecode.swift; path = SubcategoriesCollectionViewCell.swift; sourceTree = "<group>"; };
		CD17C89D281B189F00A64271 /* CategoriesCollectionViewCell.swift */ = {isa = PBXFileReference; fileEncoding = 4; lastKnownFileType = sourcecode.swift; path = CategoriesCollectionViewCell.swift; sourceTree = "<group>"; };
		CD198659281A060F0092BF56 /* VWNMobileDevTask.app */ = {isa = PBXFileReference; explicitFileType = wrapper.application; includeInIndex = 0; path = VWNMobileDevTask.app; sourceTree = BUILT_PRODUCTS_DIR; };
		CD19865C281A060F0092BF56 /* AppDelegate.swift */ = {isa = PBXFileReference; lastKnownFileType = sourcecode.swift; path = AppDelegate.swift; sourceTree = "<group>"; };
		CD19865E281A060F0092BF56 /* SceneDelegate.swift */ = {isa = PBXFileReference; lastKnownFileType = sourcecode.swift; path = SceneDelegate.swift; sourceTree = "<group>"; };
		CD198663281A060F0092BF56 /* Base */ = {isa = PBXFileReference; lastKnownFileType = file.storyboard; name = Base; path = Base.lproj/Main.storyboard; sourceTree = "<group>"; };
		CD198666281A060F0092BF56 /* VWNMobileDevTask.xcdatamodel */ = {isa = PBXFileReference; lastKnownFileType = wrapper.xcdatamodel; path = VWNMobileDevTask.xcdatamodel; sourceTree = "<group>"; };
		CD198668281A06120092BF56 /* Assets.xcassets */ = {isa = PBXFileReference; lastKnownFileType = folder.assetcatalog; path = Assets.xcassets; sourceTree = "<group>"; };
		CD19866B281A06120092BF56 /* Base */ = {isa = PBXFileReference; lastKnownFileType = file.storyboard; name = Base; path = Base.lproj/LaunchScreen.storyboard; sourceTree = "<group>"; };
		CD19866D281A06120092BF56 /* Info.plist */ = {isa = PBXFileReference; lastKnownFileType = text.plist.xml; path = Info.plist; sourceTree = "<group>"; };
		CD198673281A0C670092BF56 /* IntroViewController.swift */ = {isa = PBXFileReference; lastKnownFileType = sourcecode.swift; path = IntroViewController.swift; sourceTree = "<group>"; };
		CD198677281A0EC50092BF56 /* HBSegmentedControl.swift */ = {isa = PBXFileReference; lastKnownFileType = sourcecode.swift; path = HBSegmentedControl.swift; sourceTree = "<group>"; };
		CD19867F281A19240092BF56 /* UIViewController+extension .swift */ = {isa = PBXFileReference; lastKnownFileType = sourcecode.swift; path = "UIViewController+extension .swift"; sourceTree = "<group>"; };
		CD198681281A19C20092BF56 /* LoginViewController.swift */ = {isa = PBXFileReference; lastKnownFileType = sourcecode.swift; path = LoginViewController.swift; sourceTree = "<group>"; };
		CD198683281A27F90092BF56 /* AddProductViewController.swift */ = {isa = PBXFileReference; lastKnownFileType = sourcecode.swift; path = AddProductViewController.swift; sourceTree = "<group>"; };
		CD198687281A29CB0092BF56 /* AddProductCollectionViewCell.xib */ = {isa = PBXFileReference; fileEncoding = 4; lastKnownFileType = file.xib; path = AddProductCollectionViewCell.xib; sourceTree = "<group>"; };
		CD198688281A29CB0092BF56 /* AddProductCollectionViewCell.swift */ = {isa = PBXFileReference; fileEncoding = 4; lastKnownFileType = sourcecode.swift; path = AddProductCollectionViewCell.swift; sourceTree = "<group>"; };
		CD19868B281A2B880092BF56 /* Product.swift */ = {isa = PBXFileReference; fileEncoding = 4; lastKnownFileType = sourcecode.swift; path = Product.swift; sourceTree = "<group>"; };
		CD198691281A385A0092BF56 /* ProductModel+CoreDataClass.swift */ = {isa = PBXFileReference; lastKnownFileType = sourcecode.swift; path = "ProductModel+CoreDataClass.swift"; sourceTree = "<group>"; };
		CD198692281A385A0092BF56 /* ProductModel+CoreDataProperties.swift */ = {isa = PBXFileReference; lastKnownFileType = sourcecode.swift; path = "ProductModel+CoreDataProperties.swift"; sourceTree = "<group>"; };
		CD198697281A3A970092BF56 /* CoreDataServices.swift */ = {isa = PBXFileReference; lastKnownFileType = sourcecode.swift; path = CoreDataServices.swift; sourceTree = "<group>"; };
/* End PBXFileReference section */

/* Begin PBXFrameworksBuildPhase section */
		CD198656281A060F0092BF56 /* Frameworks */ = {
			isa = PBXFrameworksBuildPhase;
			buildActionMask = 2147483647;
			files = (
			);
			runOnlyForDeploymentPostprocessing = 0;
		};
/* End PBXFrameworksBuildPhase section */

/* Begin PBXGroup section */
		CD17C897281B17C900A64271 /* ProductCollectionViewCell */ = {
			isa = PBXGroup;
			children = (
				CD17C898281B17C900A64271 /* ProductCollectionViewCell.xib */,
				CD17C899281B17C900A64271 /* ProductCollectionViewCell.swift */,
			);
			path = ProductCollectionViewCell;
			sourceTree = "<group>";
		};
		CD17C8A0281B18A100A64271 /* Categories */ = {
			isa = PBXGroup;
			children = (
				CD17C89D281B189F00A64271 /* CategoriesCollectionViewCell.swift */,
				CD17C89C281B189E00A64271 /* SubcategoriesCollectionViewCell.swift */,
			);
			path = Categories;
			sourceTree = "<group>";
		};
		CD198650281A060F0092BF56 = {
			isa = PBXGroup;
			children = (
				CD19865B281A060F0092BF56 /* VWNMobileDevTask */,
				CD19865A281A060F0092BF56 /* Products */,
			);
			sourceTree = "<group>";
		};
		CD19865A281A060F0092BF56 /* Products */ = {
			isa = PBXGroup;
			children = (
				CD198659281A060F0092BF56 /* VWNMobileDevTask.app */,
			);
			name = Products;
			sourceTree = "<group>";
		};
		CD19865B281A060F0092BF56 /* VWNMobileDevTask */ = {
			isa = PBXGroup;
			children = (
				CD198675281A0DBF0092BF56 /* Delegate */,
				CD198676281A0E010092BF56 /* Utility */,
				CD19867E281A10500092BF56 /* Extension */,
				CD198696281A3A780092BF56 /* CoreDataServices */,
				CD198679281A0FCB0092BF56 /* Model */,
				CD19867A281A0FD00092BF56 /* View */,
				CD19867B281A0FD70092BF56 /* Controllers */,
			);
			path = VWNMobileDevTask;
			sourceTree = "<group>";
		};
		CD198675281A0DBF0092BF56 /* Delegate */ = {
			isa = PBXGroup;
			children = (
				CD19865C281A060F0092BF56 /* AppDelegate.swift */,
				CD19865E281A060F0092BF56 /* SceneDelegate.swift */,
			);
			path = Delegate;
			sourceTree = "<group>";
		};
		CD198676281A0E010092BF56 /* Utility */ = {
			isa = PBXGroup;
			children = (
				CD198668281A06120092BF56 /* Assets.xcassets */,
				CD19866D281A06120092BF56 /* Info.plist */,
				CD198665281A060F0092BF56 /* VWNMobileDevTask.xcdatamodeld */,
			);
			path = Utility;
			sourceTree = "<group>";
		};
		CD198679281A0FCB0092BF56 /* Model */ = {
			isa = PBXGroup;
			children = (
				CD198691281A385A0092BF56 /* ProductModel+CoreDataClass.swift */,
				CD198692281A385A0092BF56 /* ProductModel+CoreDataProperties.swift */,
				CD19868B281A2B880092BF56 /* Product.swift */,
			);
			path = Model;
			sourceTree = "<group>";
		};
		CD19867A281A0FD00092BF56 /* View */ = {
			isa = PBXGroup;
			children = (
				CD198685281A29AF0092BF56 /* Cell */,
				CD19867C281A0FEB0092BF56 /* Storyboard */,
			);
			path = View;
			sourceTree = "<group>";
		};
		CD19867B281A0FD70092BF56 /* Controllers */ = {
			isa = PBXGroup;
			children = (
				CD198673281A0C670092BF56 /* IntroViewController.swift */,
				CD198681281A19C20092BF56 /* LoginViewController.swift */,
				CD198683281A27F90092BF56 /* AddProductViewController.swift */,
				CD17C895281B162C00A64271 /* HomeViewController.swift */,
			);
			path = Controllers;
			sourceTree = "<group>";
		};
		CD19867C281A0FEB0092BF56 /* Storyboard */ = {
			isa = PBXGroup;
			children = (
				CD198662281A060F0092BF56 /* Main.storyboard */,
				CD19866A281A06120092BF56 /* LaunchScreen.storyboard */,
			);
			path = Storyboard;
			sourceTree = "<group>";
		};
		CD19867E281A10500092BF56 /* Extension */ = {
			isa = PBXGroup;
			children = (
				CD198677281A0EC50092BF56 /* HBSegmentedControl.swift */,
				CD19867F281A19240092BF56 /* UIViewController+extension .swift */,
			);
			path = Extension;
			sourceTree = "<group>";
		};
		CD198685281A29AF0092BF56 /* Cell */ = {
			isa = PBXGroup;
			children = (
				CD17C8A0281B18A100A64271 /* Categories */,
				CD17C897281B17C900A64271 /* ProductCollectionViewCell */,
				CD198686281A29B60092BF56 /* AddProductCell */,
			);
			path = Cell;
			sourceTree = "<group>";
		};
		CD198686281A29B60092BF56 /* AddProductCell */ = {
			isa = PBXGroup;
			children = (
				CD198688281A29CB0092BF56 /* AddProductCollectionViewCell.swift */,
				CD198687281A29CB0092BF56 /* AddProductCollectionViewCell.xib */,
			);
			path = AddProductCell;
			sourceTree = "<group>";
		};
		CD198696281A3A780092BF56 /* CoreDataServices */ = {
			isa = PBXGroup;
			children = (
				CD198697281A3A970092BF56 /* CoreDataServices.swift */,
			);
			path = CoreDataServices;
			sourceTree = "<group>";
		};
/* End PBXGroup section */

/* Begin PBXNativeTarget section */
		CD198658281A060F0092BF56 /* VWNMobileDevTask */ = {
			isa = PBXNativeTarget;
			buildConfigurationList = CD198670281A06120092BF56 /* Build configuration list for PBXNativeTarget "VWNMobileDevTask" */;
			buildPhases = (
				CD198655281A060F0092BF56 /* Sources */,
				CD198656281A060F0092BF56 /* Frameworks */,
				CD198657281A060F0092BF56 /* Resources */,
			);
			buildRules = (
			);
			dependencies = (
			);
			name = VWNMobileDevTask;
			productName = VWNMobileDevTask;
			productReference = CD198659281A060F0092BF56 /* VWNMobileDevTask.app */;
			productType = "com.apple.product-type.application";
		};
/* End PBXNativeTarget section */

/* Begin PBXProject section */
		CD198651281A060F0092BF56 /* Project object */ = {
			isa = PBXProject;
			attributes = {
				BuildIndependentTargetsInParallel = 1;
				LastSwiftUpdateCheck = 1320;
				LastUpgradeCheck = 1320;
				TargetAttributes = {
					CD198658281A060F0092BF56 = {
						CreatedOnToolsVersion = 13.2.1;
					};
				};
			};
			buildConfigurationList = CD198654281A060F0092BF56 /* Build configuration list for PBXProject "VWNMobileDevTask" */;
			compatibilityVersion = "Xcode 13.0";
			developmentRegion = en;
			hasScannedForEncodings = 0;
			knownRegions = (
				en,
				Base,
			);
			mainGroup = CD198650281A060F0092BF56;
			productRefGroup = CD19865A281A060F0092BF56 /* Products */;
			projectDirPath = "";
			projectRoot = "";
			targets = (
				CD198658281A060F0092BF56 /* VWNMobileDevTask */,
			);
		};
/* End PBXProject section */

/* Begin PBXResourcesBuildPhase section */
		CD198657281A060F0092BF56 /* Resources */ = {
			isa = PBXResourcesBuildPhase;
			buildActionMask = 2147483647;
			files = (
				CD198689281A29CB0092BF56 /* AddProductCollectionViewCell.xib in Resources */,
				CD19866C281A06120092BF56 /* LaunchScreen.storyboard in Resources */,
				CD17C89A281B17CA00A64271 /* ProductCollectionViewCell.xib in Resources */,
				CD198669281A06120092BF56 /* Assets.xcassets in Resources */,
				CD198664281A060F0092BF56 /* Main.storyboard in Resources */,
			);
			runOnlyForDeploymentPostprocessing = 0;
		};
/* End PBXResourcesBuildPhase section */

/* Begin PBXSourcesBuildPhase section */
		CD198655281A060F0092BF56 /* Sources */ = {
			isa = PBXSourcesBuildPhase;
			buildActionMask = 2147483647;
			files = (
				CD198682281A19C20092BF56 /* LoginViewController.swift in Sources */,
				CD198674281A0C670092BF56 /* IntroViewController.swift in Sources */,
				CD17C89F281B189F00A64271 /* CategoriesCollectionViewCell.swift in Sources */,
				CD198684281A27F90092BF56 /* AddProductViewController.swift in Sources */,
				CD198680281A19240092BF56 /* UIViewController+extension .swift in Sources */,
				CD198678281A0EC50092BF56 /* HBSegmentedControl.swift in Sources */,
				CD17C896281B162C00A64271 /* HomeViewController.swift in Sources */,
				CD19865D281A060F0092BF56 /* AppDelegate.swift in Sources */,
				CD17C89E281B189F00A64271 /* SubcategoriesCollectionViewCell.swift in Sources */,
				CD17C89B281B17CA00A64271 /* ProductCollectionViewCell.swift in Sources */,
				CD198698281A3A970092BF56 /* CoreDataServices.swift in Sources */,
				CD198667281A060F0092BF56 /* VWNMobileDevTask.xcdatamodeld in Sources */,
				CD19868C281A2B880092BF56 /* Product.swift in Sources */,
				CD19865F281A060F0092BF56 /* SceneDelegate.swift in Sources */,
				CD198694281A385A0092BF56 /* ProductModel+CoreDataProperties.swift in Sources */,
				CD19868A281A29CB0092BF56 /* AddProductCollectionViewCell.swift in Sources */,
				CD198693281A385A0092BF56 /* ProductModel+CoreDataClass.swift in Sources */,
			);
			runOnlyForDeploymentPostprocessing = 0;
		};
/* End PBXSourcesBuildPhase section */

/* Begin PBXVariantGroup section */
		CD198662281A060F0092BF56 /* Main.storyboard */ = {
			isa = PBXVariantGroup;
			children = (
				CD198663281A060F0092BF56 /* Base */,
			);
			name = Main.storyboard;
			sourceTree = "<group>";
		};
		CD19866A281A06120092BF56 /* LaunchScreen.storyboard */ = {
			isa = PBXVariantGroup;
			children = (
				CD19866B281A06120092BF56 /* Base */,
			);
			name = LaunchScreen.storyboard;
			sourceTree = "<group>";
		};
/* End PBXVariantGroup section */

/* Begin XCBuildConfiguration section */
		CD19866E281A06120092BF56 /* Debug */ = {
			isa = XCBuildConfiguration;
			buildSettings = {
				ALWAYS_SEARCH_USER_PATHS = NO;
				CLANG_ANALYZER_NONNULL = YES;
				CLANG_ANALYZER_NUMBER_OBJECT_CONVERSION = YES_AGGRESSIVE;
				CLANG_CXX_LANGUAGE_STANDARD = "gnu++17";
				CLANG_CXX_LIBRARY = "libc++";
				CLANG_ENABLE_MODULES = YES;
				CLANG_ENABLE_OBJC_ARC = YES;
				CLANG_ENABLE_OBJC_WEAK = YES;
				CLANG_WARN_BLOCK_CAPTURE_AUTORELEASING = YES;
				CLANG_WARN_BOOL_CONVERSION = YES;
				CLANG_WARN_COMMA = YES;
				CLANG_WARN_CONSTANT_CONVERSION = YES;
				CLANG_WARN_DEPRECATED_OBJC_IMPLEMENTATIONS = YES;
				CLANG_WARN_DIRECT_OBJC_ISA_USAGE = YES_ERROR;
				CLANG_WARN_DOCUMENTATION_COMMENTS = YES;
				CLANG_WARN_EMPTY_BODY = YES;
				CLANG_WARN_ENUM_CONVERSION = YES;
				CLANG_WARN_INFINITE_RECURSION = YES;
				CLANG_WARN_INT_CONVERSION = YES;
				CLANG_WARN_NON_LITERAL_NULL_CONVERSION = YES;
				CLANG_WARN_OBJC_IMPLICIT_RETAIN_SELF = YES;
				CLANG_WARN_OBJC_LITERAL_CONVERSION = YES;
				CLANG_WARN_OBJC_ROOT_CLASS = YES_ERROR;
				CLANG_WARN_QUOTED_INCLUDE_IN_FRAMEWORK_HEADER = YES;
				CLANG_WARN_RANGE_LOOP_ANALYSIS = YES;
				CLANG_WARN_STRICT_PROTOTYPES = YES;
				CLANG_WARN_SUSPICIOUS_MOVE = YES;
				CLANG_WARN_UNGUARDED_AVAILABILITY = YES_AGGRESSIVE;
				CLANG_WARN_UNREACHABLE_CODE = YES;
				CLANG_WARN__DUPLICATE_METHOD_MATCH = YES;
				COPY_PHASE_STRIP = NO;
				DEBUG_INFORMATION_FORMAT = dwarf;
				ENABLE_STRICT_OBJC_MSGSEND = YES;
				ENABLE_TESTABILITY = YES;
				GCC_C_LANGUAGE_STANDARD = gnu11;
				GCC_DYNAMIC_NO_PIC = NO;
				GCC_NO_COMMON_BLOCKS = YES;
				GCC_OPTIMIZATION_LEVEL = 0;
				GCC_PREPROCESSOR_DEFINITIONS = (
					"DEBUG=1",
					"$(inherited)",
				);
				GCC_WARN_64_TO_32_BIT_CONVERSION = YES;
				GCC_WARN_ABOUT_RETURN_TYPE = YES_ERROR;
				GCC_WARN_UNDECLARED_SELECTOR = YES;
				GCC_WARN_UNINITIALIZED_AUTOS = YES_AGGRESSIVE;
				GCC_WARN_UNUSED_FUNCTION = YES;
				GCC_WARN_UNUSED_VARIABLE = YES;
				IPHONEOS_DEPLOYMENT_TARGET = 15.2;
				MTL_ENABLE_DEBUG_INFO = INCLUDE_SOURCE;
				MTL_FAST_MATH = YES;
				ONLY_ACTIVE_ARCH = YES;
				SDKROOT = iphoneos;
				SWIFT_ACTIVE_COMPILATION_CONDITIONS = DEBUG;
				SWIFT_OPTIMIZATION_LEVEL = "-Onone";
			};
			name = Debug;
		};
		CD19866F281A06120092BF56 /* Release */ = {
			isa = XCBuildConfiguration;
			buildSettings = {
				ALWAYS_SEARCH_USER_PATHS = NO;
				CLANG_ANALYZER_NONNULL = YES;
				CLANG_ANALYZER_NUMBER_OBJECT_CONVERSION = YES_AGGRESSIVE;
				CLANG_CXX_LANGUAGE_STANDARD = "gnu++17";
				CLANG_CXX_LIBRARY = "libc++";
				CLANG_ENABLE_MODULES = YES;
				CLANG_ENABLE_OBJC_ARC = YES;
				CLANG_ENABLE_OBJC_WEAK = YES;
				CLANG_WARN_BLOCK_CAPTURE_AUTORELEASING = YES;
				CLANG_WARN_BOOL_CONVERSION = YES;
				CLANG_WARN_COMMA = YES;
				CLANG_WARN_CONSTANT_CONVERSION = YES;
				CLANG_WARN_DEPRECATED_OBJC_IMPLEMENTATIONS = YES;
				CLANG_WARN_DIRECT_OBJC_ISA_USAGE = YES_ERROR;
				CLANG_WARN_DOCUMENTATION_COMMENTS = YES;
				CLANG_WARN_EMPTY_BODY = YES;
				CLANG_WARN_ENUM_CONVERSION = YES;
				CLANG_WARN_INFINITE_RECURSION = YES;
				CLANG_WARN_INT_CONVERSION = YES;
				CLANG_WARN_NON_LITERAL_NULL_CONVERSION = YES;
				CLANG_WARN_OBJC_IMPLICIT_RETAIN_SELF = YES;
				CLANG_WARN_OBJC_LITERAL_CONVERSION = YES;
				CLANG_WARN_OBJC_ROOT_CLASS = YES_ERROR;
				CLANG_WARN_QUOTED_INCLUDE_IN_FRAMEWORK_HEADER = YES;
				CLANG_WARN_RANGE_LOOP_ANALYSIS = YES;
				CLANG_WARN_STRICT_PROTOTYPES = YES;
				CLANG_WARN_SUSPICIOUS_MOVE = YES;
				CLANG_WARN_UNGUARDED_AVAILABILITY = YES_AGGRESSIVE;
				CLANG_WARN_UNREACHABLE_CODE = YES;
				CLANG_WARN__DUPLICATE_METHOD_MATCH = YES;
				COPY_PHASE_STRIP = NO;
				DEBUG_INFORMATION_FORMAT = "dwarf-with-dsym";
				ENABLE_NS_ASSERTIONS = NO;
				ENABLE_STRICT_OBJC_MSGSEND = YES;
				GCC_C_LANGUAGE_STANDARD = gnu11;
				GCC_NO_COMMON_BLOCKS = YES;
				GCC_WARN_64_TO_32_BIT_CONVERSION = YES;
				GCC_WARN_ABOUT_RETURN_TYPE = YES_ERROR;
				GCC_WARN_UNDECLARED_SELECTOR = YES;
				GCC_WARN_UNINITIALIZED_AUTOS = YES_AGGRESSIVE;
				GCC_WARN_UNUSED_FUNCTION = YES;
				GCC_WARN_UNUSED_VARIABLE = YES;
				IPHONEOS_DEPLOYMENT_TARGET = 15.2;
				MTL_ENABLE_DEBUG_INFO = NO;
				MTL_FAST_MATH = YES;
				SDKROOT = iphoneos;
				SWIFT_COMPILATION_MODE = wholemodule;
				SWIFT_OPTIMIZATION_LEVEL = "-O";
				VALIDATE_PRODUCT = YES;
			};
			name = Release;
		};
		CD198671281A06120092BF56 /* Debug */ = {
			isa = XCBuildConfiguration;
			buildSettings = {
				ASSETCATALOG_COMPILER_APPICON_NAME = AppIcon;
				ASSETCATALOG_COMPILER_GLOBAL_ACCENT_COLOR_NAME = AccentColor;
				CODE_SIGN_STYLE = Automatic;
				CURRENT_PROJECT_VERSION = 1;
				DEVELOPMENT_TEAM = L5Y442FJFB;
				GENERATE_INFOPLIST_FILE = YES;
				INFOPLIST_FILE = VWNMobileDevTask/Utility/Info.plist;
				INFOPLIST_KEY_UIApplicationSupportsIndirectInputEvents = YES;
				INFOPLIST_KEY_UILaunchStoryboardName = LaunchScreen;
				INFOPLIST_KEY_UIMainStoryboardFile = Main;
				INFOPLIST_KEY_UISupportedInterfaceOrientations_iPad = "UIInterfaceOrientationPortrait UIInterfaceOrientationPortraitUpsideDown UIInterfaceOrientationLandscapeLeft UIInterfaceOrientationLandscapeRight";
				INFOPLIST_KEY_UISupportedInterfaceOrientations_iPhone = "UIInterfaceOrientationPortrait UIInterfaceOrientationLandscapeLeft UIInterfaceOrientationLandscapeRight";
				LD_RUNPATH_SEARCH_PATHS = (
					"$(inherited)",
					"@executable_path/Frameworks",
				);
				MARKETING_VERSION = 1.0;
				PRODUCT_BUNDLE_IDENTIFIER = ahmednasr.VWNMobileDevTask;
				PRODUCT_NAME = "$(TARGET_NAME)";
				SWIFT_EMIT_LOC_STRINGS = YES;
				SWIFT_VERSION = 5.0;
				TARGETED_DEVICE_FAMILY = 1;
			};
			name = Debug;
		};
		CD198672281A06120092BF56 /* Release */ = {
			isa = XCBuildConfiguration;
			buildSettings = {
				ASSETCATALOG_COMPILER_APPICON_NAME = AppIcon;
				ASSETCATALOG_COMPILER_GLOBAL_ACCENT_COLOR_NAME = AccentColor;
				CODE_SIGN_STYLE = Automatic;
				CURRENT_PROJECT_VERSION = 1;
				DEVELOPMENT_TEAM = L5Y442FJFB;
				GENERATE_INFOPLIST_FILE = YES;
				INFOPLIST_FILE = VWNMobileDevTask/Utility/Info.plist;
				INFOPLIST_KEY_UIApplicationSupportsIndirectInputEvents = YES;
				INFOPLIST_KEY_UILaunchStoryboardName = LaunchScreen;
				INFOPLIST_KEY_UIMainStoryboardFile = Main;
				INFOPLIST_KEY_UISupportedInterfaceOrientations_iPad = "UIInterfaceOrientationPortrait UIInterfaceOrientationPortraitUpsideDown UIInterfaceOrientationLandscapeLeft UIInterfaceOrientationLandscapeRight";
				INFOPLIST_KEY_UISupportedInterfaceOrientations_iPhone = "UIInterfaceOrientationPortrait UIInterfaceOrientationLandscapeLeft UIInterfaceOrientationLandscapeRight";
				LD_RUNPATH_SEARCH_PATHS = (
					"$(inherited)",
					"@executable_path/Frameworks",
				);
				MARKETING_VERSION = 1.0;
				PRODUCT_BUNDLE_IDENTIFIER = ahmednasr.VWNMobileDevTask;
				PRODUCT_NAME = "$(TARGET_NAME)";
				SWIFT_EMIT_LOC_STRINGS = YES;
				SWIFT_VERSION = 5.0;
				TARGETED_DEVICE_FAMILY = 1;
			};
			name = Release;
		};
/* End XCBuildConfiguration section */

/* Begin XCConfigurationList section */
		CD198654281A060F0092BF56 /* Build configuration list for PBXProject "VWNMobileDevTask" */ = {
			isa = XCConfigurationList;
			buildConfigurations = (
				CD19866E281A06120092BF56 /* Debug */,
				CD19866F281A06120092BF56 /* Release */,
			);
			defaultConfigurationIsVisible = 0;
			defaultConfigurationName = Release;
		};
		CD198670281A06120092BF56 /* Build configuration list for PBXNativeTarget "VWNMobileDevTask" */ = {
			isa = XCConfigurationList;
			buildConfigurations = (
				CD198671281A06120092BF56 /* Debug */,
				CD198672281A06120092BF56 /* Release */,
			);
			defaultConfigurationIsVisible = 0;
			defaultConfigurationName = Release;
		};
/* End XCConfigurationList section */

/* Begin XCVersionGroup section */
		CD198665281A060F0092BF56 /* VWNMobileDevTask.xcdatamodeld */ = {
			isa = XCVersionGroup;
			children = (
				CD198666281A060F0092BF56 /* VWNMobileDevTask.xcdatamodel */,
			);
			currentVersion = CD198666281A060F0092BF56 /* VWNMobileDevTask.xcdatamodel */;
			path = VWNMobileDevTask.xcdatamodeld;
			sourceTree = "<group>";
			versionGroupType = wrapper.xcdatamodel;
		};
/* End XCVersionGroup section */
	};
	rootObject = CD198651281A060F0092BF56 /* Project object */;
}
